
Microsoft Visual Studio Solution File, Format Version 12.00
# Visual Studio Version 17
VisualStudioVersion = 17.4.33027.239
MinimumVisualStudioVersion = 10.0.40219.1
Project("{FAE04EC0-301F-11D3-BF4B-00C04F79EFBC}") = "Interface", "Interface\Interface.csproj", "{0D0A704F-4794-441F-9C7E-247CC8C37B87}"
EndProject
Project("{FAE04EC0-301F-11D3-BF4B-00C04F79EFBC}") = "Interface.Tests", "Interface.Tests\Interface.Tests.csproj", "{C5C0E0CB-462A-4B68-9F8C-54CEDD4650FF}"
EndProject
Project("{FAE04EC0-301F-11D3-BF4B-00C04F79EFBC}") = "Tasks", "Tasks\Tasks.csproj", "{80A36764-22A2-4191-9F0E-CC56CAD441A9}"
EndProject
Global
	GlobalSection(SolutionConfigurationPlatforms) = preSolution
		Debug|Any CPU = Debug|Any CPU
		Release|Any CPU = Release|Any CPU
	EndGlobalSection
	GlobalSection(ProjectConfigurationPlatforms) = postSolution
		{0D0A704F-4794-441F-9C7E-247CC8C37B87}.Debug|Any CPU.ActiveCfg = Debug|Any CPU
		{0D0A704F-4794-441F-9C7E-247CC8C37B87}.Debug|Any CPU.Build.0 = Debug|Any CPU
		{0D0A704F-4794-441F-9C7E-247CC8C37B87}.Release|Any CPU.ActiveCfg = Release|Any CPU
		{0D0A704F-4794-441F-9C7E-247CC8C37B87}.Release|Any CPU.Build.0 = Release|Any CPU
		{C5C0E0CB-462A-4B68-9F8C-54CEDD4650FF}.Debug|Any CPU.ActiveCfg = Debug|Any CPU
		{C5C0E0CB-462A-4B68-9F8C-54CEDD4650FF}.Debug|Any CPU.Build.0 = Debug|Any CPU
		{C5C0E0CB-462A-4B68-9F8C-54CEDD4650FF}.Release|Any CPU.ActiveCfg = Release|Any CPU
		{C5C0E0CB-462A-4B68-9F8C-54CEDD4650FF}.Release|Any CPU.Build.0 = Release|Any CPU
		{80A36764-22A2-4191-9F0E-CC56CAD441A9}.Debug|Any CPU.ActiveCfg = Debug|Any CPU
		{80A36764-22A2-4191-9F0E-CC56CAD441A9}.Debug|Any CPU.Build.0 = Debug|Any CPU
		{80A36764-22A2-4191-9F0E-CC56CAD441A9}.Release|Any CPU.ActiveCfg = Release|Any CPU
		{80A36764-22A2-4191-9F0E-CC56CAD441A9}.Release|Any CPU.Build.0 = Release|Any CPU
	EndGlobalSection
	GlobalSection(SolutionProperties) = preSolution
		HideSolutionNode = FALSE
	EndGlobalSection
	GlobalSection(ExtensibilityGlobals) = postSolution
		SolutionGuid = {96EE132E-4DA9-4C45-943A-5B569AFE8291}
	EndGlobalSection
EndGlobal
